PODS:
  - Alamofire (5.6.2)
  - MMKV (1.3.1):
    - MMKVCore (~> 1.3.1)
  - MMKVCore (1.3.1)
  - PagingKit (1.15.0)
  - R.swift (7.3.2)
  - RxCocoa (5.1.3):
    - RxRelay (~> 5)
    - RxSwift (~> 5)
  - RxGesture (3.0.2):
    - RxCocoa (~> 5.1)
    - RxSwift (~> 5.1)
  - RxRelay (5.1.3):
    - RxSwift (~> 5)
  - RxSwift (5.1.3)
  - SDWebImage (5.18.3):
    - SDWebImage/Core (= 5.18.3)
  - SDWebImage/Core (5.18.3)
  - SGQRCode (4.1.0)
  - SnapKit (5.6.0)
  - Then (3.0.0)
  - TZImagePickerController (3.8.3):
    - TZImagePickerController/Basic (= 3.8.3)
    - TZImagePickerController/Location (= 3.8.3)
  - TZImagePickerController/Basic (3.8.3)
  - TZImagePickerController/Location (3.8.3)
  - YYText (1.0.7)

DEPENDENCIES:
  - Alamofire (= 5.6.2)
  - MMKV (= 1.3.1)
  - PagingKit (= 1.15.0)
  - R.swift
  - RxCocoa (~> 5.0)
  - RxGesture (~> 3.0)
  - RxSwift (~> 5.0)
  - SDWebImage (~> 5.13)
  - SGQRCode (~> 4.1.0)
  - SnapKit
  - Then
  - TZImagePickerController (from `LocalDependent`)
  - YYText

SPEC REPOS:
  trunk:
    - Alamofire
    - MMKV
    - MMKVCore
    - PagingKit
    - R.swift
    - RxCocoa
    - RxGesture
    - RxRelay
    - RxSwift
    - SDWebImage
    - SGQRCode
    - SnapKit
    - Then
    - YYText

EXTERNAL SOURCES:
  TZImagePickerController:
    :path: LocalDependent

SPEC CHECKSUMS:
  Alamofire: d368e1ff8a298e6dde360e35a3e68e6c610e7204
  MMKV: 5a07930c70c70b86cd87761a42c8f3836fb681d7
  MMKVCore: e50135dbd33235b6ab390635991bab437ab873c0
  PagingKit: 4bd58b65d71a82ab98486b6927e870c7fbc6c6eb
  R.swift: 0af0d882f49f03711415cb4e5215daa977d8a480
  RxCocoa: e2ed092d5432e4296aa818021d27de4090ac0354
  RxGesture: d6bd7447ca3a596c7a9702a6a2b6a2bb5d8bae54
  RxRelay: 5a18c2eb2d68326ebaf0112f80d837ae41b92b97
  RxSwift: 915abbdfb62214aa89ccd0b194d44fb478019b27
  SDWebImage: 96e0c18ef14010b7485210e92fac888587ebb958
  SGQRCode: 6ad664d63f38f2842503bc5087812c5a3136d924
  SnapKit: e01d52ebb8ddbc333eefe2132acf85c8227d9c25
  Then: 844265ae87834bbe1147d91d5d41a404da2ec27d
  TZImagePickerController: e9909edbadf7381140efc5b5c9f5bdbfd630f7d4
  YYText: 5c461d709e24d55a182d1441c41dc639a18a4849

PODFILE CHECKSUM: e2917b3d349fa00734ac57ddca2c0755f972ec4f

COCOAPODS: 1.14.3
