// !$*UTF8*$!
{
	archiveVersion = 1;
	classes = {
	};
	objectVersion = 56;
	objects = {

/* Begin PBXBuildFile section */
		59912ECF3395DE53BDB3912D /* libPods-WeShare.a in Frameworks */ = {isa = PBXBuildFile; fileRef = 6FFB8F8897797B093057D65A /* libPods-WeShare.a */; };
		62025C052B25BBA1003EB721 /* EPOUIDocumentPickerViewController.swift in Sources */ = {isa = PBXBuildFile; fileRef = 62025C042B25BBA1003EB721 /* EPOUIDocumentPickerViewController.swift */; };
		62025C072B25BE21003EB721 /* EPOOSSUploader.swift in Sources */ = {isa = PBXBuildFile; fileRef = 62025C062B25BE21003EB721 /* EPOOSSUploader.swift */; };
		6206FDDA2B0B94ED009D1F80 /* PhotoItemGroupModel.swift in Sources */ = {isa = PBXBuildFile; fileRef = 6206FDD92B0B94ED009D1F80 /* PhotoItemGroupModel.swift */; };
		6206FDE02B0CFD64009D1F80 /* PPPersonModel.swift in Sources */ = {isa = PBXBuildFile; fileRef = 6206FDDD2B0CFD64009D1F80 /* PPPersonModel.swift */; };
		6206FDE12B0CFD64009D1F80 /* PPAddressBookHandle.swift in Sources */ = {isa = PBXBuildFile; fileRef = 6206FDDE2B0CFD64009D1F80 /* PPAddressBookHandle.swift */; };
		6206FDE22B0CFD64009D1F80 /* PPGetAddressBook.swift in Sources */ = {isa = PBXBuildFile; fileRef = 6206FDDF2B0CFD64009D1F80 /* PPGetAddressBook.swift */; };
		6206FDE42B0D0093009D1F80 /* ContactViewModel.swift in Sources */ = {isa = PBXBuildFile; fileRef = 6206FDE32B0D0093009D1F80 /* ContactViewModel.swift */; };
		6206FDE62B0D0329009D1F80 /* ContactCell.swift in Sources */ = {isa = PBXBuildFile; fileRef = 6206FDE52B0D0329009D1F80 /* ContactCell.swift */; };
		620DB6522AFA82DF00C3A556 /* SendingViewController.swift in Sources */ = {isa = PBXBuildFile; fileRef = 620DB6512AFA82DF00C3A556 /* SendingViewController.swift */; };
		620DB6562AFA838600C3A556 /* InfoTopView.swift in Sources */ = {isa = PBXBuildFile; fileRef = 620DB6552AFA838600C3A556 /* InfoTopView.swift */; };
		623572382AFE7BF1000F8F34 /* SwitchBar.swift in Sources */ = {isa = PBXBuildFile; fileRef = 623572332AFE7BF1000F8F34 /* SwitchBar.swift */; };
		6235723B2AFE7BF1000F8F34 /* IntroduceCenterView.swift in Sources */ = {isa = PBXBuildFile; fileRef = 623572362AFE7BF1000F8F34 /* IntroduceCenterView.swift */; };
		623572432AFE7D61000F8F34 /* ARSUISwitch.swift in Sources */ = {isa = PBXBuildFile; fileRef = 623572422AFE7D61000F8F34 /* ARSUISwitch.swift */; };
		623572462AFF6FEC000F8F34 /* SettingViewController.swift in Sources */ = {isa = PBXBuildFile; fileRef = 623572442AFF6FEC000F8F34 /* SettingViewController.swift */; };
		623572472AFF6FEC000F8F34 /* EntryView.swift in Sources */ = {isa = PBXBuildFile; fileRef = 623572452AFF6FEC000F8F34 /* EntryView.swift */; };
		623572492AFF7030000F8F34 /* IntroduceController.swift in Sources */ = {isa = PBXBuildFile; fileRef = 623572482AFF7030000F8F34 /* IntroduceController.swift */; };
		6235724B2AFFB7EA000F8F34 /* ARSGradientView.swift in Sources */ = {isa = PBXBuildFile; fileRef = 6235724A2AFFB7EA000F8F34 /* ARSGradientView.swift */; };
		623572572AFFD447000F8F34 /* PhotoSelectedHeader.swift in Sources */ = {isa = PBXBuildFile; fileRef = 623572562AFFD446000F8F34 /* PhotoSelectedHeader.swift */; };
		623572592AFFD828000F8F34 /* PhotoModel.swift in Sources */ = {isa = PBXBuildFile; fileRef = 623572582AFFD828000F8F34 /* PhotoModel.swift */; };
		6235725B2AFFDCD4000F8F34 /* PhotoItemsCell.swift in Sources */ = {isa = PBXBuildFile; fileRef = 6235725A2AFFDCD4000F8F34 /* PhotoItemsCell.swift */; };
		6235725D2AFFDECF000F8F34 /* LZCollectionView.swift in Sources */ = {isa = PBXBuildFile; fileRef = 6235725C2AFFDECF000F8F34 /* LZCollectionView.swift */; };
		6235725F2AFFE9CD000F8F34 /* PhotoViewModel.swift in Sources */ = {isa = PBXBuildFile; fileRef = 6235725E2AFFE9CD000F8F34 /* PhotoViewModel.swift */; };
		62496E452B2B615B00BEBE8D /* ContactSaveTool.swift in Sources */ = {isa = PBXBuildFile; fileRef = 62496E442B2B615B00BEBE8D /* ContactSaveTool.swift */; };
		62496E472B2B619500BEBE8D /* PhotoSaveTool.swift in Sources */ = {isa = PBXBuildFile; fileRef = 62496E462B2B619500BEBE8D /* PhotoSaveTool.swift */; };
		62496E492B2B621C00BEBE8D /* EventSaveTool.swift in Sources */ = {isa = PBXBuildFile; fileRef = 62496E482B2B621C00BEBE8D /* EventSaveTool.swift */; };
		62496E4B2B2B623000BEBE8D /* FileSaveTool.swift in Sources */ = {isa = PBXBuildFile; fileRef = 62496E4A2B2B623000BEBE8D /* FileSaveTool.swift */; };
		625DC02E2B179A2400CD6AA4 /* CalendarViewModel.swift in Sources */ = {isa = PBXBuildFile; fileRef = 625DC02D2B179A2300CD6AA4 /* CalendarViewModel.swift */; };
		6261C06B2B19DD0500BA6632 /* TransferTaskManager.swift in Sources */ = {isa = PBXBuildFile; fileRef = 6261C06A2B19DD0500BA6632 /* TransferTaskManager.swift */; };
		626A739B2B11F63000301C1D /* QRCodeViewController.swift in Sources */ = {isa = PBXBuildFile; fileRef = 626A739A2B11F63000301C1D /* QRCodeViewController.swift */; };
		626E008D2B1F20D100CEC646 /* AboutViewController.swift in Sources */ = {isa = PBXBuildFile; fileRef = 626E008C2B1F20D100CEC646 /* AboutViewController.swift */; };
		629666932AF9188D00E06522 /* AppDelegate.swift in Sources */ = {isa = PBXBuildFile; fileRef = 629666922AF9188D00E06522 /* AppDelegate.swift */; };
		6296669C2AF9188F00E06522 /* Images.xcassets in Resources */ = {isa = PBXBuildFile; fileRef = 6296669B2AF9188F00E06522 /* Images.xcassets */; };
		6296669F2AF9188F00E06522 /* LaunchScreen.storyboard in Resources */ = {isa = PBXBuildFile; fileRef = 6296669D2AF9188F00E06522 /* LaunchScreen.storyboard */; };
		629666A72AF91F4E00E06522 /* TabBarViewController.swift in Sources */ = {isa = PBXBuildFile; fileRef = 629666A62AF91F4E00E06522 /* TabBarViewController.swift */; };
		629666A92AF91F7400E06522 /* TabBarItem.swift in Sources */ = {isa = PBXBuildFile; fileRef = 629666A82AF91F7400E06522 /* TabBarItem.swift */; };
		629666F62AF9218300E06522 /* UIImageView+Extension.swift in Sources */ = {isa = PBXBuildFile; fileRef = 629666CA2AF9218300E06522 /* UIImageView+Extension.swift */; };
		629666F82AF9218300E06522 /* UIDevice+Extension.swift in Sources */ = {isa = PBXBuildFile; fileRef = 629666CC2AF9218300E06522 /* UIDevice+Extension.swift */; };
		629666F92AF9218300E06522 /* ObservableProperty.swift in Sources */ = {isa = PBXBuildFile; fileRef = 629666CD2AF9218300E06522 /* ObservableProperty.swift */; };
		629666FA2AF9218300E06522 /* UIColor+Extension.swift in Sources */ = {isa = PBXBuildFile; fileRef = 629666CE2AF9218300E06522 /* UIColor+Extension.swift */; };
		629666FB2AF9218300E06522 /* UIWindow+Extension.swift in Sources */ = {isa = PBXBuildFile; fileRef = 629666CF2AF9218300E06522 /* UIWindow+Extension.swift */; };
		629666FC2AF9218300E06522 /* Collection+Extension.swift in Sources */ = {isa = PBXBuildFile; fileRef = 629666D02AF9218300E06522 /* Collection+Extension.swift */; };
		629666FD2AF9218300E06522 /* UIButton+Extension.swift in Sources */ = {isa = PBXBuildFile; fileRef = 629666D12AF9218300E06522 /* UIButton+Extension.swift */; };
		629666FE2AF9218300E06522 /* Codable+Default.swift in Sources */ = {isa = PBXBuildFile; fileRef = 629666D32AF9218300E06522 /* Codable+Default.swift */; };
		629666FF2AF9218300E06522 /* String+Extension.swift in Sources */ = {isa = PBXBuildFile; fileRef = 629666D42AF9218300E06522 /* String+Extension.swift */; };
		629667002AF9218300E06522 /* UIView+Layout.swift in Sources */ = {isa = PBXBuildFile; fileRef = 629666D52AF9218300E06522 /* UIView+Layout.swift */; };
		629667012AF9218300E06522 /* UIScrollView+Extension.swift in Sources */ = {isa = PBXBuildFile; fileRef = 629666D62AF9218300E06522 /* UIScrollView+Extension.swift */; };
		629667022AF9218300E06522 /* PLNetworkError.swift in Sources */ = {isa = PBXBuildFile; fileRef = 629666D72AF9218300E06522 /* PLNetworkError.swift */; };
		629667032AF9218300E06522 /* RxCore+Extensions.swift in Sources */ = {isa = PBXBuildFile; fileRef = 629666D82AF9218300E06522 /* RxCore+Extensions.swift */; };
		629667042AF9218300E06522 /* UIFont+Convenience.swift in Sources */ = {isa = PBXBuildFile; fileRef = 629666D92AF9218300E06522 /* UIFont+Convenience.swift */; };
		629667052AF9218300E06522 /* NSData+Base64.m in Sources */ = {isa = PBXBuildFile; fileRef = 629666DA2AF9218300E06522 /* NSData+Base64.m */; };
		629667062AF9218300E06522 /* Array+Extension.swift in Sources */ = {isa = PBXBuildFile; fileRef = 629666DB2AF9218300E06522 /* Array+Extension.swift */; };
		629667072AF9218300E06522 /* PLToast.swift in Sources */ = {isa = PBXBuildFile; fileRef = 629666DF2AF9218300E06522 /* PLToast.swift */; };
		629667082AF9218300E06522 /* HUDView.swift in Sources */ = {isa = PBXBuildFile; fileRef = 629666E02AF9218300E06522 /* HUDView.swift */; };
		629667092AF9218300E06522 /* PLTextHUDView.swift in Sources */ = {isa = PBXBuildFile; fileRef = 629666E12AF9218300E06522 /* PLTextHUDView.swift */; };
		6296670A2AF9218300E06522 /* PLButton.swift in Sources */ = {isa = PBXBuildFile; fileRef = 629666E22AF9218300E06522 /* PLButton.swift */; };
		6296670B2AF9218300E06522 /* LoadingHUDView.swift in Sources */ = {isa = PBXBuildFile; fileRef = 629666E32AF9218300E06522 /* LoadingHUDView.swift */; };
		6296670C2AF9218300E06522 /* TTTAttributedLabel.m in Sources */ = {isa = PBXBuildFile; fileRef = 629666E42AF9218300E06522 /* TTTAttributedLabel.m */; };
		6296670D2AF9218300E06522 /* TextView.swift in Sources */ = {isa = PBXBuildFile; fileRef = 629666E52AF9218300E06522 /* TextView.swift */; };
		6296670E2AF9218300E06522 /* LayoutConstants.swift in Sources */ = {isa = PBXBuildFile; fileRef = 629666E72AF9218300E06522 /* LayoutConstants.swift */; };
		6296670F2AF9218300E06522 /* Device+Extension.swift in Sources */ = {isa = PBXBuildFile; fileRef = 629666E82AF9218300E06522 /* Device+Extension.swift */; };
		629667102AF9218300E06522 /* PLCommonSelectAlertView.swift in Sources */ = {isa = PBXBuildFile; fileRef = 629666E92AF9218300E06522 /* PLCommonSelectAlertView.swift */; };
		629667112AF9218300E06522 /* PLPresentModalController.swift in Sources */ = {isa = PBXBuildFile; fileRef = 629666EA2AF9218300E06522 /* PLPresentModalController.swift */; };
		629667122AF9218300E06522 /* PLPopupBaseView.swift in Sources */ = {isa = PBXBuildFile; fileRef = 629666EB2AF9218300E06522 /* PLPopupBaseView.swift */; };
		629667132AF9218300E06522 /* ARSNavigationController.swift in Sources */ = {isa = PBXBuildFile; fileRef = 629666EC2AF9218300E06522 /* ARSNavigationController.swift */; };
		629667142AF9218300E06522 /* PLFadedModalController.swift in Sources */ = {isa = PBXBuildFile; fileRef = 629666ED2AF9218300E06522 /* PLFadedModalController.swift */; };
		629667152AF9218300E06522 /* CommonConstants.swift in Sources */ = {isa = PBXBuildFile; fileRef = 629666EE2AF9218300E06522 /* CommonConstants.swift */; };
		629667172AF9218300E06522 /* PLBaseViewController.swift in Sources */ = {isa = PBXBuildFile; fileRef = 629666F12AF9218300E06522 /* PLBaseViewController.swift */; };
		629667182AF9218300E06522 /* PLViewController.swift in Sources */ = {isa = PBXBuildFile; fileRef = 629666F32AF9218300E06522 /* PLViewController.swift */; };
		629667192AF9218300E06522 /* PLHeaderView.swift in Sources */ = {isa = PBXBuildFile; fileRef = 629666F42AF9218300E06522 /* PLHeaderView.swift */; };
		6296671A2AF9218300E06522 /* PLViewControllerUtils.m in Sources */ = {isa = PBXBuildFile; fileRef = 629666F52AF9218300E06522 /* PLViewControllerUtils.m */; };
		629667202AF925BD00E06522 /* SendViewController.swift in Sources */ = {isa = PBXBuildFile; fileRef = 6296671F2AF925BD00E06522 /* SendViewController.swift */; };
		629667222AF925DB00E06522 /* ReceiveViewController.swift in Sources */ = {isa = PBXBuildFile; fileRef = 629667212AF925DB00E06522 /* ReceiveViewController.swift */; };
		629667262AF92FF000E06522 /* PhotoViewController.swift in Sources */ = {isa = PBXBuildFile; fileRef = 629667252AF92FF000E06522 /* PhotoViewController.swift */; };
		629667282AF92FFC00E06522 /* VideoViewController.swift in Sources */ = {isa = PBXBuildFile; fileRef = 629667272AF92FFC00E06522 /* VideoViewController.swift */; };
		6296672A2AF9300600E06522 /* ContactViewController.swift in Sources */ = {isa = PBXBuildFile; fileRef = 629667292AF9300600E06522 /* ContactViewController.swift */; };
		6296672C2AF9301F00E06522 /* CalendarViewController.swift in Sources */ = {isa = PBXBuildFile; fileRef = 6296672B2AF9301F00E06522 /* CalendarViewController.swift */; };
		6296672F2AF9304000E06522 /* FileViewController.swift in Sources */ = {isa = PBXBuildFile; fileRef = 6296672E2AF9304000E06522 /* FileViewController.swift */; };
		629667332AF9322000E06522 /* OrderMenuCell.swift in Sources */ = {isa = PBXBuildFile; fileRef = 629667322AF9322000E06522 /* OrderMenuCell.swift */; };
		629667362AF9322600E06522 /* MineItemView.swift in Sources */ = {isa = PBXBuildFile; fileRef = 629667342AF9322600E06522 /* MineItemView.swift */; };
		629667392AF9426E00E06522 /* WSGradientView.swift in Sources */ = {isa = PBXBuildFile; fileRef = 629667382AF9426E00E06522 /* WSGradientView.swift */; };
		6296673D2AF956FD00E06522 /* GradientButton.swift in Sources */ = {isa = PBXBuildFile; fileRef = 6296673C2AF956FD00E06522 /* GradientButton.swift */; };
		62B82B012B136422006953DA /* QRFocusView.swift in Sources */ = {isa = PBXBuildFile; fileRef = 62B82B002B136422006953DA /* QRFocusView.swift */; };
		62B84C232B0078AC000A9FB8 /* VideoViewModel.swift in Sources */ = {isa = PBXBuildFile; fileRef = 62B84C222B0078AC000A9FB8 /* VideoViewModel.swift */; };
		62B888EF2B29F75C00DB85EA /* FileViewModel.swift in Sources */ = {isa = PBXBuildFile; fileRef = 62B888EE2B29F75C00DB85EA /* FileViewModel.swift */; };
		62B888F12B29FD8700DB85EA /* FileCell.swift in Sources */ = {isa = PBXBuildFile; fileRef = 62B888F02B29FD8700DB85EA /* FileCell.swift */; };
		62C660462B28CAF100295B47 /* PhotoUtil.swift in Sources */ = {isa = PBXBuildFile; fileRef = 62C660452B28CAF100295B47 /* PhotoUtil.swift */; };
		62CEDBD32B0E4D2F002AF1E4 /* CalendarCell.swift in Sources */ = {isa = PBXBuildFile; fileRef = 62CEDBD22B0E4D2F002AF1E4 /* CalendarCell.swift */; };
		62CEDBD72B0E50EA002AF1E4 /* CalendarTool.swift in Sources */ = {isa = PBXBuildFile; fileRef = 62CEDBD62B0E50EA002AF1E4 /* CalendarTool.swift */; };
		62CEDBD92B0E6892002AF1E4 /* CommContentVcProtocol.swift in Sources */ = {isa = PBXBuildFile; fileRef = 62CEDBD82B0E6892002AF1E4 /* CommContentVcProtocol.swift */; };
		62D922052B16412200A8B67F /* FinishView.swift in Sources */ = {isa = PBXBuildFile; fileRef = 62D922042B16412200A8B67F /* FinishView.swift */; };
		62DB43892AFBE237008F9DE3 /* ProgressView.swift in Sources */ = {isa = PBXBuildFile; fileRef = 62DB43882AFBE237008F9DE3 /* ProgressView.swift */; };
		62DB438C2AFD1376008F9DE3 /* GuideModel.swift in Sources */ = {isa = PBXBuildFile; fileRef = 62DB438B2AFD1376008F9DE3 /* GuideModel.swift */; };
		62DB438E2AFD1444008F9DE3 /* GuideViewController.swift in Sources */ = {isa = PBXBuildFile; fileRef = 62DB438D2AFD1444008F9DE3 /* GuideViewController.swift */; };
		62DB43902AFD2AD0008F9DE3 /* BannerView.swift in Sources */ = {isa = PBXBuildFile; fileRef = 62DB438F2AFD2AD0008F9DE3 /* BannerView.swift */; };
		62DB43922AFD2EFB008F9DE3 /* BannerCell.swift in Sources */ = {isa = PBXBuildFile; fileRef = 62DB43912AFD2EFB008F9DE3 /* BannerCell.swift */; };
		62DB43942AFD419E008F9DE3 /* SheetView.swift in Sources */ = {isa = PBXBuildFile; fileRef = 62DB43932AFD419E008F9DE3 /* SheetView.swift */; };
		62EA015D2B1F91EC00EC0AEB /* WeShareWebViewController.swift in Sources */ = {isa = PBXBuildFile; fileRef = 62EA015C2B1F91EC00EC0AEB /* WeShareWebViewController.swift */; };
		CCAD3CD72B11B57E00E1D030 /* SwapDataManager.swift in Sources */ = {isa = PBXBuildFile; fileRef = CCAD3CD62B11B57E00E1D030 /* SwapDataManager.swift */; };
		CCAD3CDC2B11B90A00E1D030 /* SwapDataViewController.swift in Sources */ = {isa = PBXBuildFile; fileRef = CCAD3CDB2B11B90A00E1D030 /* SwapDataViewController.swift */; };
		CCAD3CDE2B12160700E1D030 /* TransferData.swift in Sources */ = {isa = PBXBuildFile; fileRef = CCAD3CDD2B12160700E1D030 /* TransferData.swift */; };
		CCAD3CE32B1224C000E1D030 /* OWSOperation.swift in Sources */ = {isa = PBXBuildFile; fileRef = CCAD3CE22B1224C000E1D030 /* OWSOperation.swift */; };
		CCAD3CE52B1225FC00E1D030 /* SendDataOperation.swift in Sources */ = {isa = PBXBuildFile; fileRef = CCAD3CE42B1225FC00E1D030 /* SendDataOperation.swift */; };
/* End PBXBuildFile section */

/* Begin PBXFileReference section */
		42C0C66C69EF691728422096 /* Pods-WeShare.release.xcconfig */ = {isa = PBXFileReference; includeInIndex = 1; lastKnownFileType = text.xcconfig; name = "Pods-WeShare.release.xcconfig"; path = "Target Support Files/Pods-WeShare/Pods-WeShare.release.xcconfig"; sourceTree = "<group>"; };
		62025C042B25BBA1003EB721 /* EPOUIDocumentPickerViewController.swift */ = {isa = PBXFileReference; fileEncoding = 4; lastKnownFileType = sourcecode.swift; path = EPOUIDocumentPickerViewController.swift; sourceTree = "<group>"; };
		62025C062B25BE21003EB721 /* EPOOSSUploader.swift */ = {isa = PBXFileReference; fileEncoding = 4; lastKnownFileType = sourcecode.swift; path = EPOOSSUploader.swift; sourceTree = "<group>"; };
		6206FDD92B0B94ED009D1F80 /* PhotoItemGroupModel.swift */ = {isa = PBXFileReference; lastKnownFileType = sourcecode.swift; path = PhotoItemGroupModel.swift; sourceTree = "<group>"; };
		6206FDDB2B0CADC4009D1F80 /* zh-Hans */ = {isa = PBXFileReference; lastKnownFileType = text.plist.strings; name = "zh-Hans"; path = "zh-Hans.lproj/LaunchScreen.strings"; sourceTree = "<group>"; };
		6206FDDD2B0CFD64009D1F80 /* PPPersonModel.swift */ = {isa = PBXFileReference; fileEncoding = 4; lastKnownFileType = sourcecode.swift; path = PPPersonModel.swift; sourceTree = "<group>"; };
		6206FDDE2B0CFD64009D1F80 /* PPAddressBookHandle.swift */ = {isa = PBXFileReference; fileEncoding = 4; lastKnownFileType = sourcecode.swift; path = PPAddressBookHandle.swift; sourceTree = "<group>"; };
		6206FDDF2B0CFD64009D1F80 /* PPGetAddressBook.swift */ = {isa = PBXFileReference; fileEncoding = 4; lastKnownFileType = sourcecode.swift; path = PPGetAddressBook.swift; sourceTree = "<group>"; };
		6206FDE32B0D0093009D1F80 /* ContactViewModel.swift */ = {isa = PBXFileReference; lastKnownFileType = sourcecode.swift; path = ContactViewModel.swift; sourceTree = "<group>"; };
		6206FDE52B0D0329009D1F80 /* ContactCell.swift */ = {isa = PBXFileReference; lastKnownFileType = sourcecode.swift; path = ContactCell.swift; sourceTree = "<group>"; };
		620DB6512AFA82DF00C3A556 /* SendingViewController.swift */ = {isa = PBXFileReference; lastKnownFileType = sourcecode.swift; path = SendingViewController.swift; sourceTree = "<group>"; };
		620DB6552AFA838600C3A556 /* InfoTopView.swift */ = {isa = PBXFileReference; lastKnownFileType = sourcecode.swift; path = InfoTopView.swift; sourceTree = "<group>"; };
		623572332AFE7BF1000F8F34 /* SwitchBar.swift */ = {isa = PBXFileReference; fileEncoding = 4; lastKnownFileType = sourcecode.swift; path = SwitchBar.swift; sourceTree = "<group>"; };
		623572362AFE7BF1000F8F34 /* IntroduceCenterView.swift */ = {isa = PBXFileReference; fileEncoding = 4; lastKnownFileType = sourcecode.swift; path = IntroduceCenterView.swift; sourceTree = "<group>"; };
		623572422AFE7D61000F8F34 /* ARSUISwitch.swift */ = {isa = PBXFileReference; fileEncoding = 4; lastKnownFileType = sourcecode.swift; path = ARSUISwitch.swift; sourceTree = "<group>"; };
		623572442AFF6FEC000F8F34 /* SettingViewController.swift */ = {isa = PBXFileReference; fileEncoding = 4; lastKnownFileType = sourcecode.swift; path = SettingViewController.swift; sourceTree = "<group>"; };
		623572452AFF6FEC000F8F34 /* EntryView.swift */ = {isa = PBXFileReference; fileEncoding = 4; lastKnownFileType = sourcecode.swift; path = EntryView.swift; sourceTree = "<group>"; };
		623572482AFF7030000F8F34 /* IntroduceController.swift */ = {isa = PBXFileReference; fileEncoding = 4; lastKnownFileType = sourcecode.swift; path = IntroduceController.swift; sourceTree = "<group>"; };
		6235724A2AFFB7EA000F8F34 /* ARSGradientView.swift */ = {isa = PBXFileReference; fileEncoding = 4; lastKnownFileType = sourcecode.swift; path = ARSGradientView.swift; sourceTree = "<group>"; };
		623572562AFFD446000F8F34 /* PhotoSelectedHeader.swift */ = {isa = PBXFileReference; lastKnownFileType = sourcecode.swift; path = PhotoSelectedHeader.swift; sourceTree = "<group>"; };
		623572582AFFD828000F8F34 /* PhotoModel.swift */ = {isa = PBXFileReference; lastKnownFileType = sourcecode.swift; path = PhotoModel.swift; sourceTree = "<group>"; };
		6235725A2AFFDCD4000F8F34 /* PhotoItemsCell.swift */ = {isa = PBXFileReference; lastKnownFileType = sourcecode.swift; path = PhotoItemsCell.swift; sourceTree = "<group>"; };
		6235725C2AFFDECF000F8F34 /* LZCollectionView.swift */ = {isa = PBXFileReference; lastKnownFileType = sourcecode.swift; path = LZCollectionView.swift; sourceTree = "<group>"; };
		6235725E2AFFE9CD000F8F34 /* PhotoViewModel.swift */ = {isa = PBXFileReference; lastKnownFileType = sourcecode.swift; path = PhotoViewModel.swift; sourceTree = "<group>"; };
		62496E442B2B615B00BEBE8D /* ContactSaveTool.swift */ = {isa = PBXFileReference; lastKnownFileType = sourcecode.swift; path = ContactSaveTool.swift; sourceTree = "<group>"; };
		62496E462B2B619500BEBE8D /* PhotoSaveTool.swift */ = {isa = PBXFileReference; lastKnownFileType = sourcecode.swift; path = PhotoSaveTool.swift; sourceTree = "<group>"; };
		62496E482B2B621C00BEBE8D /* EventSaveTool.swift */ = {isa = PBXFileReference; lastKnownFileType = sourcecode.swift; path = EventSaveTool.swift; sourceTree = "<group>"; };
		62496E4A2B2B623000BEBE8D /* FileSaveTool.swift */ = {isa = PBXFileReference; lastKnownFileType = sourcecode.swift; path = FileSaveTool.swift; sourceTree = "<group>"; };
		625DC02D2B179A2300CD6AA4 /* CalendarViewModel.swift */ = {isa = PBXFileReference; lastKnownFileType = sourcecode.swift; path = CalendarViewModel.swift; sourceTree = "<group>"; };
		6261C06A2B19DD0500BA6632 /* TransferTaskManager.swift */ = {isa = PBXFileReference; lastKnownFileType = sourcecode.swift; path = TransferTaskManager.swift; sourceTree = "<group>"; };
		626A739A2B11F63000301C1D /* QRCodeViewController.swift */ = {isa = PBXFileReference; fileEncoding = 4; lastKnownFileType = sourcecode.swift; path = QRCodeViewController.swift; sourceTree = "<group>"; };
		626E008C2B1F20D100CEC646 /* AboutViewController.swift */ = {isa = PBXFileReference; lastKnownFileType = sourcecode.swift; path = AboutViewController.swift; sourceTree = "<group>"; };
		6296668F2AF9188D00E06522 /* WeShare.app */ = {isa = PBXFileReference; explicitFileType = wrapper.application; includeInIndex = 0; path = WeShare.app; sourceTree = BUILT_PRODUCTS_DIR; };
		629666922AF9188D00E06522 /* AppDelegate.swift */ = {isa = PBXFileReference; lastKnownFileType = sourcecode.swift; path = AppDelegate.swift; sourceTree = "<group>"; };
		6296669B2AF9188F00E06522 /* Images.xcassets */ = {isa = PBXFileReference; lastKnownFileType = folder.assetcatalog; path = Images.xcassets; sourceTree = "<group>"; };
		6296669E2AF9188F00E06522 /* Base */ = {isa = PBXFileReference; lastKnownFileType = file.storyboard; name = Base; path = Base.lproj/LaunchScreen.storyboard; sourceTree = "<group>"; };
		629666A02AF9188F00E06522 /* Info.plist */ = {isa = PBXFileReference; lastKnownFileType = text.plist.xml; path = Info.plist; sourceTree = "<group>"; };
		629666A62AF91F4E00E06522 /* TabBarViewController.swift */ = {isa = PBXFileReference; fileEncoding = 4; lastKnownFileType = sourcecode.swift; path = TabBarViewController.swift; sourceTree = "<group>"; };
		629666A82AF91F7400E06522 /* TabBarItem.swift */ = {isa = PBXFileReference; fileEncoding = 4; lastKnownFileType = sourcecode.swift; path = TabBarItem.swift; sourceTree = "<group>"; };
		629666CA2AF9218300E06522 /* UIImageView+Extension.swift */ = {isa = PBXFileReference; fileEncoding = 4; lastKnownFileType = sourcecode.swift; path = "UIImageView+Extension.swift"; sourceTree = "<group>"; };
		629666CC2AF9218300E06522 /* UIDevice+Extension.swift */ = {isa = PBXFileReference; fileEncoding = 4; lastKnownFileType = sourcecode.swift; path = "UIDevice+Extension.swift"; sourceTree = "<group>"; };
		629666CD2AF9218300E06522 /* ObservableProperty.swift */ = {isa = PBXFileReference; fileEncoding = 4; lastKnownFileType = sourcecode.swift; path = ObservableProperty.swift; sourceTree = "<group>"; };
		629666CE2AF9218300E06522 /* UIColor+Extension.swift */ = {isa = PBXFileReference; fileEncoding = 4; lastKnownFileType = sourcecode.swift; path = "UIColor+Extension.swift"; sourceTree = "<group>"; };
		629666CF2AF9218300E06522 /* UIWindow+Extension.swift */ = {isa = PBXFileReference; fileEncoding = 4; lastKnownFileType = sourcecode.swift; path = "UIWindow+Extension.swift"; sourceTree = "<group>"; };
		629666D02AF9218300E06522 /* Collection+Extension.swift */ = {isa = PBXFileReference; fileEncoding = 4; lastKnownFileType = sourcecode.swift; path = "Collection+Extension.swift"; sourceTree = "<group>"; };
		629666D12AF9218300E06522 /* UIButton+Extension.swift */ = {isa = PBXFileReference; fileEncoding = 4; lastKnownFileType = sourcecode.swift; path = "UIButton+Extension.swift"; sourceTree = "<group>"; };
		629666D22AF9218300E06522 /* NSData+Base64.h */ = {isa = PBXFileReference; fileEncoding = 4; lastKnownFileType = sourcecode.c.h; path = "NSData+Base64.h"; sourceTree = "<group>"; };
		629666D32AF9218300E06522 /* Codable+Default.swift */ = {isa = PBXFileReference; fileEncoding = 4; lastKnownFileType = sourcecode.swift; path = "Codable+Default.swift"; sourceTree = "<group>"; };
		629666D42AF9218300E06522 /* String+Extension.swift */ = {isa = PBXFileReference; fileEncoding = 4; lastKnownFileType = sourcecode.swift; path = "String+Extension.swift"; sourceTree = "<group>"; };
		629666D52AF9218300E06522 /* UIView+Layout.swift */ = {isa = PBXFileReference; fileEncoding = 4; lastKnownFileType = sourcecode.swift; path = "UIView+Layout.swift"; sourceTree = "<group>"; };
		629666D62AF9218300E06522 /* UIScrollView+Extension.swift */ = {isa = PBXFileReference; fileEncoding = 4; lastKnownFileType = sourcecode.swift; path = "UIScrollView+Extension.swift"; sourceTree = "<group>"; };
		629666D72AF9218300E06522 /* PLNetworkError.swift */ = {isa = PBXFileReference; fileEncoding = 4; lastKnownFileType = sourcecode.swift; path = PLNetworkError.swift; sourceTree = "<group>"; };
		629666D82AF9218300E06522 /* RxCore+Extensions.swift */ = {isa = PBXFileReference; fileEncoding = 4; lastKnownFileType = sourcecode.swift; path = "RxCore+Extensions.swift"; sourceTree = "<group>"; };
		629666D92AF9218300E06522 /* UIFont+Convenience.swift */ = {isa = PBXFileReference; fileEncoding = 4; lastKnownFileType = sourcecode.swift; path = "UIFont+Convenience.swift"; sourceTree = "<group>"; };
		629666DA2AF9218300E06522 /* NSData+Base64.m */ = {isa = PBXFileReference; fileEncoding = 4; lastKnownFileType = sourcecode.c.objc; path = "NSData+Base64.m"; sourceTree = "<group>"; };
		629666DB2AF9218300E06522 /* Array+Extension.swift */ = {isa = PBXFileReference; fileEncoding = 4; lastKnownFileType = sourcecode.swift; path = "Array+Extension.swift"; sourceTree = "<group>"; };
		629666DE2AF9218300E06522 /* TTTAttributedLabel.h */ = {isa = PBXFileReference; fileEncoding = 4; lastKnownFileType = sourcecode.c.h; path = TTTAttributedLabel.h; sourceTree = "<group>"; };
		629666DF2AF9218300E06522 /* PLToast.swift */ = {isa = PBXFileReference; fileEncoding = 4; lastKnownFileType = sourcecode.swift; path = PLToast.swift; sourceTree = "<group>"; };
		629666E02AF9218300E06522 /* HUDView.swift */ = {isa = PBXFileReference; fileEncoding = 4; lastKnownFileType = sourcecode.swift; path = HUDView.swift; sourceTree = "<group>"; };
		629666E12AF9218300E06522 /* PLTextHUDView.swift */ = {isa = PBXFileReference; fileEncoding = 4; lastKnownFileType = sourcecode.swift; path = PLTextHUDView.swift; sourceTree = "<group>"; };
		629666E22AF9218300E06522 /* PLButton.swift */ = {isa = PBXFileReference; fileEncoding = 4; lastKnownFileType = sourcecode.swift; path = PLButton.swift; sourceTree = "<group>"; };
		629666E32AF9218300E06522 /* LoadingHUDView.swift */ = {isa = PBXFileReference; fileEncoding = 4; lastKnownFileType = sourcecode.swift; path = LoadingHUDView.swift; sourceTree = "<group>"; };
		629666E42AF9218300E06522 /* TTTAttributedLabel.m */ = {isa = PBXFileReference; fileEncoding = 4; lastKnownFileType = sourcecode.c.objc; path = TTTAttributedLabel.m; sourceTree = "<group>"; };
		629666E52AF9218300E06522 /* TextView.swift */ = {isa = PBXFileReference; fileEncoding = 4; lastKnownFileType = sourcecode.swift; path = TextView.swift; sourceTree = "<group>"; };
		629666E72AF9218300E06522 /* LayoutConstants.swift */ = {isa = PBXFileReference; fileEncoding = 4; lastKnownFileType = sourcecode.swift; path = LayoutConstants.swift; sourceTree = "<group>"; };
		629666E82AF9218300E06522 /* Device+Extension.swift */ = {isa = PBXFileReference; fileEncoding = 4; lastKnownFileType = sourcecode.swift; path = "Device+Extension.swift"; sourceTree = "<group>"; };
		629666E92AF9218300E06522 /* PLCommonSelectAlertView.swift */ = {isa = PBXFileReference; fileEncoding = 4; lastKnownFileType = sourcecode.swift; path = PLCommonSelectAlertView.swift; sourceTree = "<group>"; };
		629666EA2AF9218300E06522 /* PLPresentModalController.swift */ = {isa = PBXFileReference; fileEncoding = 4; lastKnownFileType = sourcecode.swift; path = PLPresentModalController.swift; sourceTree = "<group>"; };
		629666EB2AF9218300E06522 /* PLPopupBaseView.swift */ = {isa = PBXFileReference; fileEncoding = 4; lastKnownFileType = sourcecode.swift; path = PLPopupBaseView.swift; sourceTree = "<group>"; };
		629666EC2AF9218300E06522 /* ARSNavigationController.swift */ = {isa = PBXFileReference; fileEncoding = 4; lastKnownFileType = sourcecode.swift; path = ARSNavigationController.swift; sourceTree = "<group>"; };
		629666ED2AF9218300E06522 /* PLFadedModalController.swift */ = {isa = PBXFileReference; fileEncoding = 4; lastKnownFileType = sourcecode.swift; path = PLFadedModalController.swift; sourceTree = "<group>"; };
		629666EE2AF9218300E06522 /* CommonConstants.swift */ = {isa = PBXFileReference; fileEncoding = 4; lastKnownFileType = sourcecode.swift; path = CommonConstants.swift; sourceTree = "<group>"; };
		629666F12AF9218300E06522 /* PLBaseViewController.swift */ = {isa = PBXFileReference; fileEncoding = 4; lastKnownFileType = sourcecode.swift; path = PLBaseViewController.swift; sourceTree = "<group>"; };
		629666F22AF9218300E06522 /* PLViewControllerUtils.h */ = {isa = PBXFileReference; fileEncoding = 4; lastKnownFileType = sourcecode.c.h; path = PLViewControllerUtils.h; sourceTree = "<group>"; };
		629666F32AF9218300E06522 /* PLViewController.swift */ = {isa = PBXFileReference; fileEncoding = 4; lastKnownFileType = sourcecode.swift; path = PLViewController.swift; sourceTree = "<group>"; };
		629666F42AF9218300E06522 /* PLHeaderView.swift */ = {isa = PBXFileReference; fileEncoding = 4; lastKnownFileType = sourcecode.swift; path = PLHeaderView.swift; sourceTree = "<group>"; };
		629666F52AF9218300E06522 /* PLViewControllerUtils.m */ = {isa = PBXFileReference; fileEncoding = 4; lastKnownFileType = sourcecode.c.objc; path = PLViewControllerUtils.m; sourceTree = "<group>"; };
		6296671E2AF9228200E06522 /* WeShare-Bridging-Header.h */ = {isa = PBXFileReference; fileEncoding = 4; lastKnownFileType = sourcecode.c.h; path = "WeShare-Bridging-Header.h"; sourceTree = "<group>"; };
		6296671F2AF925BD00E06522 /* SendViewController.swift */ = {isa = PBXFileReference; lastKnownFileType = sourcecode.swift; path = SendViewController.swift; sourceTree = "<group>"; };
		629667212AF925DB00E06522 /* ReceiveViewController.swift */ = {isa = PBXFileReference; lastKnownFileType = sourcecode.swift; path = ReceiveViewController.swift; sourceTree = "<group>"; };
		629667252AF92FF000E06522 /* PhotoViewController.swift */ = {isa = PBXFileReference; lastKnownFileType = sourcecode.swift; path = PhotoViewController.swift; sourceTree = "<group>"; };
		629667272AF92FFC00E06522 /* VideoViewController.swift */ = {isa = PBXFileReference; lastKnownFileType = sourcecode.swift; path = VideoViewController.swift; sourceTree = "<group>"; };
		629667292AF9300600E06522 /* ContactViewController.swift */ = {isa = PBXFileReference; lastKnownFileType = sourcecode.swift; path = ContactViewController.swift; sourceTree = "<group>"; };
		6296672B2AF9301F00E06522 /* CalendarViewController.swift */ = {isa = PBXFileReference; lastKnownFileType = sourcecode.swift; path = CalendarViewController.swift; sourceTree = "<group>"; };
		6296672E2AF9304000E06522 /* FileViewController.swift */ = {isa = PBXFileReference; lastKnownFileType = sourcecode.swift; path = FileViewController.swift; sourceTree = "<group>"; };
		629667322AF9322000E06522 /* OrderMenuCell.swift */ = {isa = PBXFileReference; fileEncoding = 4; lastKnownFileType = sourcecode.swift; path = OrderMenuCell.swift; sourceTree = "<group>"; };
		629667342AF9322600E06522 /* MineItemView.swift */ = {isa = PBXFileReference; fileEncoding = 4; lastKnownFileType = sourcecode.swift; path = MineItemView.swift; sourceTree = "<group>"; };
		629667382AF9426E00E06522 /* WSGradientView.swift */ = {isa = PBXFileReference; fileEncoding = 4; lastKnownFileType = sourcecode.swift; path = WSGradientView.swift; sourceTree = "<group>"; };
		6296673C2AF956FD00E06522 /* GradientButton.swift */ = {isa = PBXFileReference; fileEncoding = 4; lastKnownFileType = sourcecode.swift; path = GradientButton.swift; sourceTree = "<group>"; };
		62B82B002B136422006953DA /* QRFocusView.swift */ = {isa = PBXFileReference; lastKnownFileType = sourcecode.swift; path = QRFocusView.swift; sourceTree = "<group>"; };
		62B84C222B0078AC000A9FB8 /* VideoViewModel.swift */ = {isa = PBXFileReference; lastKnownFileType = sourcecode.swift; path = VideoViewModel.swift; sourceTree = "<group>"; };
		62B888EE2B29F75C00DB85EA /* FileViewModel.swift */ = {isa = PBXFileReference; lastKnownFileType = sourcecode.swift; path = FileViewModel.swift; sourceTree = "<group>"; };
		62B888F02B29FD8700DB85EA /* FileCell.swift */ = {isa = PBXFileReference; lastKnownFileType = sourcecode.swift; path = FileCell.swift; sourceTree = "<group>"; };
		62C660452B28CAF100295B47 /* PhotoUtil.swift */ = {isa = PBXFileReference; lastKnownFileType = sourcecode.swift; path = PhotoUtil.swift; sourceTree = "<group>"; };
		62CEDBD22B0E4D2F002AF1E4 /* CalendarCell.swift */ = {isa = PBXFileReference; lastKnownFileType = sourcecode.swift; path = CalendarCell.swift; sourceTree = "<group>"; };
		62CEDBD62B0E50EA002AF1E4 /* CalendarTool.swift */ = {isa = PBXFileReference; lastKnownFileType = sourcecode.swift; path = CalendarTool.swift; sourceTree = "<group>"; };
		62CEDBD82B0E6892002AF1E4 /* CommContentVcProtocol.swift */ = {isa = PBXFileReference; lastKnownFileType = sourcecode.swift; path = CommContentVcProtocol.swift; sourceTree = "<group>"; };
		62D922042B16412200A8B67F /* FinishView.swift */ = {isa = PBXFileReference; lastKnownFileType = sourcecode.swift; path = FinishView.swift; sourceTree = "<group>"; };
		62DB43882AFBE237008F9DE3 /* ProgressView.swift */ = {isa = PBXFileReference; lastKnownFileType = sourcecode.swift; path = ProgressView.swift; sourceTree = "<group>"; };
		62DB438B2AFD1376008F9DE3 /* GuideModel.swift */ = {isa = PBXFileReference; lastKnownFileType = sourcecode.swift; path = GuideModel.swift; sourceTree = "<group>"; };
		62DB438D2AFD1444008F9DE3 /* GuideViewController.swift */ = {isa = PBXFileReference; lastKnownFileType = sourcecode.swift; path = GuideViewController.swift; sourceTree = "<group>"; };
		62DB438F2AFD2AD0008F9DE3 /* BannerView.swift */ = {isa = PBXFileReference; fileEncoding = 4; lastKnownFileType = sourcecode.swift; path = BannerView.swift; sourceTree = "<group>"; };
		62DB43912AFD2EFB008F9DE3 /* BannerCell.swift */ = {isa = PBXFileReference; lastKnownFileType = sourcecode.swift; path = BannerCell.swift; sourceTree = "<group>"; };
		62DB43932AFD419E008F9DE3 /* SheetView.swift */ = {isa = PBXFileReference; fileEncoding = 4; lastKnownFileType = sourcecode.swift; path = SheetView.swift; sourceTree = "<group>"; };
		62EA015C2B1F91EC00EC0AEB /* WeShareWebViewController.swift */ = {isa = PBXFileReference; lastKnownFileType = sourcecode.swift; path = WeShareWebViewController.swift; sourceTree = "<group>"; };
		6FFB8F8897797B093057D65A /* libPods-WeShare.a */ = {isa = PBXFileReference; explicitFileType = archive.ar; includeInIndex = 0; path = "libPods-WeShare.a"; sourceTree = BUILT_PRODUCTS_DIR; };
		CCAD3CD62B11B57E00E1D030 /* SwapDataManager.swift */ = {isa = PBXFileReference; lastKnownFileType = sourcecode.swift; path = SwapDataManager.swift; sourceTree = "<group>"; };
		CCAD3CDB2B11B90A00E1D030 /* SwapDataViewController.swift */ = {isa = PBXFileReference; lastKnownFileType = sourcecode.swift; path = SwapDataViewController.swift; sourceTree = "<group>"; };
		CCAD3CDD2B12160700E1D030 /* TransferData.swift */ = {isa = PBXFileReference; lastKnownFileType = sourcecode.swift; path = TransferData.swift; sourceTree = "<group>"; };
		CCAD3CE22B1224C000E1D030 /* OWSOperation.swift */ = {isa = PBXFileReference; lastKnownFileType = sourcecode.swift; path = OWSOperation.swift; sourceTree = "<group>"; };
		CCAD3CE42B1225FC00E1D030 /* SendDataOperation.swift */ = {isa = PBXFileReference; lastKnownFileType = sourcecode.swift; path = SendDataOperation.swift; sourceTree = "<group>"; };
		E24A2A29606E6A710C54C664 /* Pods-WeShare.debug.xcconfig */ = {isa = PBXFileReference; includeInIndex = 1; lastKnownFileType = text.xcconfig; name = "Pods-WeShare.debug.xcconfig"; path = "Target Support Files/Pods-WeShare/Pods-WeShare.debug.xcconfig"; sourceTree = "<group>"; };
/* End PBXFileReference section */

/* Begin PBXFrameworksBuildPhase section */
		6296668C2AF9188D00E06522 /* Frameworks */ = {
			isa = PBXFrameworksBuildPhase;
			buildActionMask = 2147483647;
			files = (
				59912ECF3395DE53BDB3912D /* libPods-WeShare.a in Frameworks */,
			);
			runOnlyForDeploymentPostprocessing = 0;
		};
/* End PBXFrameworksBuildPhase section */

/* Begin PBXGroup section */
		5A778C82676F37B3C9788028 /* Frameworks */ = {
			isa = PBXGroup;
			children = (
				6FFB8F8897797B093057D65A /* libPods-WeShare.a */,
			);
			name = Frameworks;
			sourceTree = "<group>";
		};
		62025BFF2B25B670003EB721 /* File */ = {
			isa = PBXGroup;
			children = (
				62025C062B25BE21003EB721 /* EPOOSSUploader.swift */,
				62025C042B25BBA1003EB721 /* EPOUIDocumentPickerViewController.swift */,
				62B888F02B29FD8700DB85EA /* FileCell.swift */,
			);
			path = File;
			sourceTree = "<group>";
		};
		6206FDDC2B0CFCA1009D1F80 /* Contact */ = {
			isa = PBXGroup;
			children = (
				6206FDE72B0D032D009D1F80 /* Views */,
				6206FDDE2B0CFD64009D1F80 /* PPAddressBookHandle.swift */,
				6206FDDF2B0CFD64009D1F80 /* PPGetAddressBook.swift */,
				6206FDDD2B0CFD64009D1F80 /* PPPersonModel.swift */,
				629667292AF9300600E06522 /* ContactViewController.swift */,
			);
			path = Contact;
			sourceTree = "<group>";
		};
		6206FDE72B0D032D009D1F80 /* Views */ = {
			isa = PBXGroup;
			children = (
				6206FDE52B0D0329009D1F80 /* ContactCell.swift */,
			);
			path = Views;
			sourceTree = "<group>";
		};
		623572552AFFD403000F8F34 /* PhotoAbout */ = {
			isa = PBXGroup;
			children = (
				623572582AFFD828000F8F34 /* PhotoModel.swift */,
				62C660452B28CAF100295B47 /* PhotoUtil.swift */,
			);
			path = PhotoAbout;
			sourceTree = "<group>";
		};
		62496E432B2B613200BEBE8D /* SaveTool */ = {
			isa = PBXGroup;
			children = (
				62496E442B2B615B00BEBE8D /* ContactSaveTool.swift */,
				62496E462B2B619500BEBE8D /* PhotoSaveTool.swift */,
				62496E482B2B621C00BEBE8D /* EventSaveTool.swift */,
				62496E4A2B2B623000BEBE8D /* FileSaveTool.swift */,
			);
			path = SaveTool;
			sourceTree = "<group>";
		};
		626A73982B0F563C00301C1D /* QRCode */ = {
			isa = PBXGroup;
			children = (
			);
			path = QRCode;
			sourceTree = "<group>";
		};
		626A73992B11F5FF00301C1D /* QR */ = {
			isa = PBXGroup;
			children = (
				626A739A2B11F63000301C1D /* QRCodeViewController.swift */,
				62B82B002B136422006953DA /* QRFocusView.swift */,
			);
			path = QR;
			sourceTree = "<group>";
		};
		629666862AF9188D00E06522 = {
			isa = PBXGroup;
			children = (
				629666912AF9188D00E06522 /* WeShare */,
				629666902AF9188D00E06522 /* Products */,
				81A812BAA8AFFF8E1AD880A6 /* Pods */,
				5A778C82676F37B3C9788028 /* Frameworks */,
			);
			sourceTree = "<group>";
		};
		629666902AF9188D00E06522 /* Products */ = {
			isa = PBXGroup;
			children = (
				6296668F2AF9188D00E06522 /* WeShare.app */,
			);
			name = Products;
			sourceTree = "<group>";
		};
		629666912AF9188D00E06522 /* WeShare */ = {
			isa = PBXGroup;
			children = (
				62496E432B2B613200BEBE8D /* SaveTool */,
				6296671E2AF9228200E06522 /* WeShare-Bridging-Header.h */,
				629666A02AF9188F00E06522 /* Info.plist */,
				629666922AF9188D00E06522 /* AppDelegate.swift */,
				629666A82AF91F7400E06522 /* TabBarItem.swift */,
				629666A62AF91F4E00E06522 /* TabBarViewController.swift */,
				6296669B2AF9188F00E06522 /* Images.xcassets */,
				626A73992B11F5FF00301C1D /* QR */,
				629666C82AF9210600E06522 /* CommonTool */,
				62DB438A2AFD1359008F9DE3 /* Guide */,
				6296669D2AF9188F00E06522 /* LaunchScreen.storyboard */,
				626A73982B0F563C00301C1D /* QRCode */,
				629666C72AF9205400E06522 /* Receive */,
				629666C52AF9203A00E06522 /* Send */,
				629666C62AF9204900E06522 /* Setting */,
				CCAD3CD52B11B52D00E1D030 /* SwapDataManager */,
			);
			path = WeShare;
			sourceTree = "<group>";
		};
		629666C52AF9203A00E06522 /* Send */ = {
			isa = PBXGroup;
			children = (
				6206FDD92B0B94ED009D1F80 /* PhotoItemGroupModel.swift */,
				62B84C212B00785C000A9FB8 /* ViewModel */,
				629667312AF930E500E06522 /* Views */,
				629667302AF930DA00E06522 /* ViewController */,
			);
			path = Send;
			sourceTree = "<group>";
		};
		629666C62AF9204900E06522 /* Setting */ = {
			isa = PBXGroup;
			children = (
				623572482AFF7030000F8F34 /* IntroduceController.swift */,
				623572442AFF6FEC000F8F34 /* SettingViewController.swift */,
				623572362AFE7BF1000F8F34 /* IntroduceCenterView.swift */,
				623572452AFF6FEC000F8F34 /* EntryView.swift */,
				623572332AFE7BF1000F8F34 /* SwitchBar.swift */,
				626E008C2B1F20D100CEC646 /* AboutViewController.swift */,
				62EA015C2B1F91EC00EC0AEB /* WeShareWebViewController.swift */,
			);
			path = Setting;
			sourceTree = "<group>";
		};
		629666C72AF9205400E06522 /* Receive */ = {
			isa = PBXGroup;
			children = (
				629667212AF925DB00E06522 /* ReceiveViewController.swift */,
			);
			path = Receive;
			sourceTree = "<group>";
		};
		629666C82AF9210600E06522 /* CommonTool */ = {
			isa = PBXGroup;
			children = (
				629666EE2AF9218300E06522 /* CommonConstants.swift */,
				629666C92AF9218300E06522 /* Extension */,
				629666DC2AF9218300E06522 /* UI */,
				629666EF2AF9218300E06522 /* ViewController */,
			);
			path = CommonTool;
			sourceTree = "<group>";
		};
		629666C92AF9218300E06522 /* Extension */ = {
			isa = PBXGroup;
			children = (
				629666CA2AF9218300E06522 /* UIImageView+Extension.swift */,
				629666CC2AF9218300E06522 /* UIDevice+Extension.swift */,
				629666CD2AF9218300E06522 /* ObservableProperty.swift */,
				629666CE2AF9218300E06522 /* UIColor+Extension.swift */,
				629666CF2AF9218300E06522 /* UIWindow+Extension.swift */,
				629666D02AF9218300E06522 /* Collection+Extension.swift */,
				629666D12AF9218300E06522 /* UIButton+Extension.swift */,
				629666D22AF9218300E06522 /* NSData+Base64.h */,
				629666D32AF9218300E06522 /* Codable+Default.swift */,
				629666D42AF9218300E06522 /* String+Extension.swift */,
				629666D52AF9218300E06522 /* UIView+Layout.swift */,
				629666D62AF9218300E06522 /* UIScrollView+Extension.swift */,
				629666D72AF9218300E06522 /* PLNetworkError.swift */,
				629666D82AF9218300E06522 /* RxCore+Extensions.swift */,
				629666D92AF9218300E06522 /* UIFont+Convenience.swift */,
				629666DA2AF9218300E06522 /* NSData+Base64.m */,
				629666DB2AF9218300E06522 /* Array+Extension.swift */,
			);
			path = Extension;
			sourceTree = "<group>";
		};
		629666DC2AF9218300E06522 /* UI */ = {
			isa = PBXGroup;
			children = (
				629666DD2AF9218300E06522 /* Element */,
				629666E62AF9218300E06522 /* Support */,
			);
			path = UI;
			sourceTree = "<group>";
		};
		629666DD2AF9218300E06522 /* Element */ = {
			isa = PBXGroup;
			children = (
				629666DE2AF9218300E06522 /* TTTAttributedLabel.h */,
				629666DF2AF9218300E06522 /* PLToast.swift */,
				629666E02AF9218300E06522 /* HUDView.swift */,
				629666E12AF9218300E06522 /* PLTextHUDView.swift */,
				629666E22AF9218300E06522 /* PLButton.swift */,
				629666E32AF9218300E06522 /* LoadingHUDView.swift */,
				629666E42AF9218300E06522 /* TTTAttributedLabel.m */,
				629666E52AF9218300E06522 /* TextView.swift */,
			);
			path = Element;
			sourceTree = "<group>";
		};
		629666E62AF9218300E06522 /* Support */ = {
			isa = PBXGroup;
			children = (
				6235724A2AFFB7EA000F8F34 /* ARSGradientView.swift */,
				623572422AFE7D61000F8F34 /* ARSUISwitch.swift */,
				62DB43932AFD419E008F9DE3 /* SheetView.swift */,
				6296673C2AF956FD00E06522 /* GradientButton.swift */,
				629667382AF9426E00E06522 /* WSGradientView.swift */,
				629666E72AF9218300E06522 /* LayoutConstants.swift */,
				629666E82AF9218300E06522 /* Device+Extension.swift */,
				629666E92AF9218300E06522 /* PLCommonSelectAlertView.swift */,
				629666EA2AF9218300E06522 /* PLPresentModalController.swift */,
				629666EB2AF9218300E06522 /* PLPopupBaseView.swift */,
				629666EC2AF9218300E06522 /* ARSNavigationController.swift */,
				629666ED2AF9218300E06522 /* PLFadedModalController.swift */,
			);
			path = Support;
			sourceTree = "<group>";
		};
		629666EF2AF9218300E06522 /* ViewController */ = {
			isa = PBXGroup;
			children = (
				629666F12AF9218300E06522 /* PLBaseViewController.swift */,
				629666F32AF9218300E06522 /* PLViewController.swift */,
				629666F42AF9218300E06522 /* PLHeaderView.swift */,
				629666F22AF9218300E06522 /* PLViewControllerUtils.h */,
				629666F52AF9218300E06522 /* PLViewControllerUtils.m */,
			);
			path = ViewController;
			sourceTree = "<group>";
		};
		629667302AF930DA00E06522 /* ViewController */ = {
			isa = PBXGroup;
			children = (
				62025BFF2B25B670003EB721 /* File */,
				62CEDBD12B0E4C6C002AF1E4 /* Calendar */,
				6206FDDC2B0CFCA1009D1F80 /* Contact */,
				623572552AFFD403000F8F34 /* PhotoAbout */,
				629667252AF92FF000E06522 /* PhotoViewController.swift */,
				6296671F2AF925BD00E06522 /* SendViewController.swift */,
				629667272AF92FFC00E06522 /* VideoViewController.swift */,
				6296672E2AF9304000E06522 /* FileViewController.swift */,
				620DB6512AFA82DF00C3A556 /* SendingViewController.swift */,
				62CEDBD82B0E6892002AF1E4 /* CommContentVcProtocol.swift */,
			);
			path = ViewController;
			sourceTree = "<group>";
		};
		629667312AF930E500E06522 /* Views */ = {
			isa = PBXGroup;
			children = (
				623572562AFFD446000F8F34 /* PhotoSelectedHeader.swift */,
				6235725A2AFFDCD4000F8F34 /* PhotoItemsCell.swift */,
				6235725C2AFFDECF000F8F34 /* LZCollectionView.swift */,
				629667342AF9322600E06522 /* MineItemView.swift */,
				629667322AF9322000E06522 /* OrderMenuCell.swift */,
				620DB6552AFA838600C3A556 /* InfoTopView.swift */,
				62DB43882AFBE237008F9DE3 /* ProgressView.swift */,
				62D922042B16412200A8B67F /* FinishView.swift */,
			);
			path = Views;
			sourceTree = "<group>";
		};
		62B84C212B00785C000A9FB8 /* ViewModel */ = {
			isa = PBXGroup;
			children = (
				6235725E2AFFE9CD000F8F34 /* PhotoViewModel.swift */,
				62B84C222B0078AC000A9FB8 /* VideoViewModel.swift */,
				625DC02D2B179A2300CD6AA4 /* CalendarViewModel.swift */,
				6206FDE32B0D0093009D1F80 /* ContactViewModel.swift */,
				62B888EE2B29F75C00DB85EA /* FileViewModel.swift */,
			);
			path = ViewModel;
			sourceTree = "<group>";
		};
		62CEDBD12B0E4C6C002AF1E4 /* Calendar */ = {
			isa = PBXGroup;
			children = (
				6296672B2AF9301F00E06522 /* CalendarViewController.swift */,
				62CEDBD22B0E4D2F002AF1E4 /* CalendarCell.swift */,
				62CEDBD62B0E50EA002AF1E4 /* CalendarTool.swift */,
			);
			path = Calendar;
			sourceTree = "<group>";
		};
		62DB438A2AFD1359008F9DE3 /* Guide */ = {
			isa = PBXGroup;
			children = (
				62DB438F2AFD2AD0008F9DE3 /* BannerView.swift */,
				62DB438B2AFD1376008F9DE3 /* GuideModel.swift */,
				62DB438D2AFD1444008F9DE3 /* GuideViewController.swift */,
				62DB43912AFD2EFB008F9DE3 /* BannerCell.swift */,
			);
			path = Guide;
			sourceTree = "<group>";
		};
		81A812BAA8AFFF8E1AD880A6 /* Pods */ = {
			isa = PBXGroup;
			children = (
				E24A2A29606E6A710C54C664 /* Pods-WeShare.debug.xcconfig */,
				42C0C66C69EF691728422096 /* Pods-WeShare.release.xcconfig */,
			);
			path = Pods;
			sourceTree = "<group>";
		};
		CCAD3CD52B11B52D00E1D030 /* SwapDataManager */ = {
			isa = PBXGroup;
			children = (
				CCAD3CD62B11B57E00E1D030 /* SwapDataManager.swift */,
				CCAD3CDB2B11B90A00E1D030 /* SwapDataViewController.swift */,
				CCAD3CDD2B12160700E1D030 /* TransferData.swift */,
				CCAD3CE22B1224C000E1D030 /* OWSOperation.swift */,
				CCAD3CE42B1225FC00E1D030 /* SendDataOperation.swift */,
				6261C06A2B19DD0500BA6632 /* TransferTaskManager.swift */,
			);
			path = SwapDataManager;
			sourceTree = "<group>";
		};
/* End PBXGroup section */

/* Begin PBXNativeTarget section */
		6296668E2AF9188D00E06522 /* WeShare */ = {
			isa = PBXNativeTarget;
			buildConfigurationList = 629666A32AF9188F00E06522 /* Build configuration list for PBXNativeTarget "WeShare" */;
			buildPhases = (
				092E6CC2C224B232CA4E662A /* [CP] Check Pods Manifest.lock */,
				6296668B2AF9188D00E06522 /* Sources */,
				6296668C2AF9188D00E06522 /* Frameworks */,
				6296668D2AF9188D00E06522 /* Resources */,
				6751626AC59DF3F5F0969C53 /* [CP] Copy Pods Resources */,
			);
			buildRules = (
			);
			dependencies = (
			);
			name = WeShare;
			productName = WeShare;
			productReference = 6296668F2AF9188D00E06522 /* WeShare.app */;
			productType = "com.apple.product-type.application";
		};
/* End PBXNativeTarget section */

/* Begin PBXProject section */
		629666872AF9188D00E06522 /* Project object */ = {
			isa = PBXProject;
			attributes = {
				BuildIndependentTargetsInParallel = 1;
				LastSwiftUpdateCheck = 1500;
				LastUpgradeCheck = 1500;
				TargetAttributes = {
					6296668E2AF9188D00E06522 = {
						CreatedOnToolsVersion = 15.0.1;
					};
				};
			};
			buildConfigurationList = 6296668A2AF9188D00E06522 /* Build configuration list for PBXProject "WeShare" */;
			compatibilityVersion = "Xcode 14.0";
			developmentRegion = en;
			hasScannedForEncodings = 0;
			knownRegions = (
				en,
				Base,
				"zh-Hans",
			);
			mainGroup = 629666862AF9188D00E06522;
			productRefGroup = 629666902AF9188D00E06522 /* Products */;
			projectDirPath = "";
			projectRoot = "";
			targets = (
				6296668E2AF9188D00E06522 /* WeShare */,
			);
		};
/* End PBXProject section */

/* Begin PBXResourcesBuildPhase section */
		6296668D2AF9188D00E06522 /* Resources */ = {
			isa = PBXResourcesBuildPhase;
			buildActionMask = 2147483647;
			files = (
				6296669F2AF9188F00E06522 /* LaunchScreen.storyboard in Resources */,
				6296669C2AF9188F00E06522 /* Images.xcassets in Resources */,
			);
			runOnlyForDeploymentPostprocessing = 0;
		};
/* End PBXResourcesBuildPhase section */

/* Begin PBXShellScriptBuildPhase section */
		092E6CC2C224B232CA4E662A /* [CP] Check Pods Manifest.lock */ = {
			isa = PBXShellScriptBuildPhase;
			buildActionMask = 2147483647;
			files = (
			);
			inputFileListPaths = (
			);
			inputPaths = (
				"${PODS_PODFILE_DIR_PATH}/Podfile.lock",
				"${PODS_ROOT}/Manifest.lock",
			);
			name = "[CP] Check Pods Manifest.lock";
			outputFileListPaths = (
			);
			outputPaths = (
				"$(DERIVED_FILE_DIR)/Pods-WeShare-checkManifestLockResult.txt",
			);
			runOnlyForDeploymentPostprocessing = 0;
			shellPath = /bin/sh;
			shellScript = "diff \"${PODS_PODFILE_DIR_PATH}/Podfile.lock\" \"${PODS_ROOT}/Manifest.lock\" > /dev/null\nif [ $? != 0 ] ; then\n    # print error to STDERR\n    echo \"error: The sandbox is not in sync with the Podfile.lock. Run 'pod install' or update your CocoaPods installation.\" >&2\n    exit 1\nfi\n# This output is used by Xcode 'outputs' to avoid re-running this script phase.\necho \"SUCCESS\" > \"${SCRIPT_OUTPUT_FILE_0}\"\n";
			showEnvVarsInLog = 0;
		};
		6751626AC59DF3F5F0969C53 /* [CP] Copy Pods Resources */ = {
			isa = PBXShellScriptBuildPhase;
			buildActionMask = 2147483647;
			files = (
			);
			inputFileListPaths = (
				"${PODS_ROOT}/Target Support Files/Pods-WeShare/Pods-WeShare-resources-${CONFIGURATION}-input-files.xcfilelist",
			);
			name = "[CP] Copy Pods Resources";
			outputFileListPaths = (
				"${PODS_ROOT}/Target Support Files/Pods-WeShare/Pods-WeShare-resources-${CONFIGURATION}-output-files.xcfilelist",
			);
			runOnlyForDeploymentPostprocessing = 0;
			shellPath = /bin/sh;
			shellScript = "\"${PODS_ROOT}/Target Support Files/Pods-WeShare/Pods-WeShare-resources.sh\"\n";
			showEnvVarsInLog = 0;
		};
/* End PBXShellScriptBuildPhase section */

/* Begin PBXSourcesBuildPhase section */
		6296668B2AF9188D00E06522 /* Sources */ = {
			isa = PBXSourcesBuildPhase;
			buildActionMask = 2147483647;
			files = (
				629667052AF9218300E06522 /* NSData+Base64.m in Sources */,
				CCAD3CDC2B11B90A00E1D030 /* SwapDataViewController.swift in Sources */,
				62EA015D2B1F91EC00EC0AEB /* WeShareWebViewController.swift in Sources */,
				623572462AFF6FEC000F8F34 /* SettingViewController.swift in Sources */,
				6206FDE22B0CFD64009D1F80 /* PPGetAddressBook.swift in Sources */,
				629666A92AF91F7400E06522 /* TabBarItem.swift in Sources */,
				CCAD3CE52B1225FC00E1D030 /* SendDataOperation.swift in Sources */,
				62DB43902AFD2AD0008F9DE3 /* BannerView.swift in Sources */,
				629666F82AF9218300E06522 /* UIDevice+Extension.swift in Sources */,
				62B888F12B29FD8700DB85EA /* FileCell.swift in Sources */,
				629666FB2AF9218300E06522 /* UIWindow+Extension.swift in Sources */,
				6206FDE42B0D0093009D1F80 /* ContactViewModel.swift in Sources */,
				62496E492B2B621C00BEBE8D /* EventSaveTool.swift in Sources */,
				6206FDE02B0CFD64009D1F80 /* PPPersonModel.swift in Sources */,
				629667222AF925DB00E06522 /* ReceiveViewController.swift in Sources */,
				629666FD2AF9218300E06522 /* UIButton+Extension.swift in Sources */,
				629667112AF9218300E06522 /* PLPresentModalController.swift in Sources */,
				629667282AF92FFC00E06522 /* VideoViewController.swift in Sources */,
				62025C072B25BE21003EB721 /* EPOOSSUploader.swift in Sources */,
				62B84C232B0078AC000A9FB8 /* VideoViewModel.swift in Sources */,
				CCAD3CDE2B12160700E1D030 /* TransferData.swift in Sources */,
				6235725F2AFFE9CD000F8F34 /* PhotoViewModel.swift in Sources */,
				629667042AF9218300E06522 /* UIFont+Convenience.swift in Sources */,
				629667082AF9218300E06522 /* HUDView.swift in Sources */,
				629667032AF9218300E06522 /* RxCore+Extensions.swift in Sources */,
				62DB43942AFD419E008F9DE3 /* SheetView.swift in Sources */,
				62DB438C2AFD1376008F9DE3 /* GuideModel.swift in Sources */,
				629667392AF9426E00E06522 /* WSGradientView.swift in Sources */,
				62496E472B2B619500BEBE8D /* PhotoSaveTool.swift in Sources */,
				CCAD3CD72B11B57E00E1D030 /* SwapDataManager.swift in Sources */,
				629667262AF92FF000E06522 /* PhotoViewController.swift in Sources */,
				629667012AF9218300E06522 /* UIScrollView+Extension.swift in Sources */,
				6235725B2AFFDCD4000F8F34 /* PhotoItemsCell.swift in Sources */,
				629666A72AF91F4E00E06522 /* TabBarViewController.swift in Sources */,
				626A739B2B11F63000301C1D /* QRCodeViewController.swift in Sources */,
				62496E452B2B615B00BEBE8D /* ContactSaveTool.swift in Sources */,
				62DB438E2AFD1444008F9DE3 /* GuideViewController.swift in Sources */,
				62D922052B16412200A8B67F /* FinishView.swift in Sources */,
				6296672C2AF9301F00E06522 /* CalendarViewController.swift in Sources */,
				62DB43892AFBE237008F9DE3 /* ProgressView.swift in Sources */,
				6206FDE62B0D0329009D1F80 /* ContactCell.swift in Sources */,
				6296670B2AF9218300E06522 /* LoadingHUDView.swift in Sources */,
				6296671A2AF9218300E06522 /* PLViewControllerUtils.m in Sources */,
				6296672A2AF9300600E06522 /* ContactViewController.swift in Sources */,
				629667072AF9218300E06522 /* PLToast.swift in Sources */,
				6296672F2AF9304000E06522 /* FileViewController.swift in Sources */,
				620DB6562AFA838600C3A556 /* InfoTopView.swift in Sources */,
				629667202AF925BD00E06522 /* SendViewController.swift in Sources */,
				623572592AFFD828000F8F34 /* PhotoModel.swift in Sources */,
				629666FF2AF9218300E06522 /* String+Extension.swift in Sources */,
				629667172AF9218300E06522 /* PLBaseViewController.swift in Sources */,
				6235724B2AFFB7EA000F8F34 /* ARSGradientView.swift in Sources */,
				623572472AFF6FEC000F8F34 /* EntryView.swift in Sources */,
				62CEDBD72B0E50EA002AF1E4 /* CalendarTool.swift in Sources */,
				626E008D2B1F20D100CEC646 /* AboutViewController.swift in Sources */,
				6235723B2AFE7BF1000F8F34 /* IntroduceCenterView.swift in Sources */,
				629667062AF9218300E06522 /* Array+Extension.swift in Sources */,
				629667152AF9218300E06522 /* CommonConstants.swift in Sources */,
				623572432AFE7D61000F8F34 /* ARSUISwitch.swift in Sources */,
				6296670E2AF9218300E06522 /* LayoutConstants.swift in Sources */,
				623572572AFFD447000F8F34 /* PhotoSelectedHeader.swift in Sources */,
				629666F62AF9218300E06522 /* UIImageView+Extension.swift in Sources */,
				629667332AF9322000E06522 /* OrderMenuCell.swift in Sources */,
				629666932AF9188D00E06522 /* AppDelegate.swift in Sources */,
				62CEDBD32B0E4D2F002AF1E4 /* CalendarCell.swift in Sources */,
				629667102AF9218300E06522 /* PLCommonSelectAlertView.swift in Sources */,
				62C660462B28CAF100295B47 /* PhotoUtil.swift in Sources */,
				62025C052B25BBA1003EB721 /* EPOUIDocumentPickerViewController.swift in Sources */,
				629666F92AF9218300E06522 /* ObservableProperty.swift in Sources */,
				629667362AF9322600E06522 /* MineItemView.swift in Sources */,
				6296670A2AF9218300E06522 /* PLButton.swift in Sources */,
				629667122AF9218300E06522 /* PLPopupBaseView.swift in Sources */,
				629667092AF9218300E06522 /* PLTextHUDView.swift in Sources */,
				620DB6522AFA82DF00C3A556 /* SendingViewController.swift in Sources */,
				6206FDDA2B0B94ED009D1F80 /* PhotoItemGroupModel.swift in Sources */,
				629666FA2AF9218300E06522 /* UIColor+Extension.swift in Sources */,
				629666FE2AF9218300E06522 /* Codable+Default.swift in Sources */,
				62B82B012B136422006953DA /* QRFocusView.swift in Sources */,
				62496E4B2B2B623000BEBE8D /* FileSaveTool.swift in Sources */,
				629667002AF9218300E06522 /* UIView+Layout.swift in Sources */,
				623572492AFF7030000F8F34 /* IntroduceController.swift in Sources */,
				6296670F2AF9218300E06522 /* Device+Extension.swift in Sources */,
				629666FC2AF9218300E06522 /* Collection+Extension.swift in Sources */,
				625DC02E2B179A2400CD6AA4 /* CalendarViewModel.swift in Sources */,
				629667132AF9218300E06522 /* ARSNavigationController.swift in Sources */,
				6296670D2AF9218300E06522 /* TextView.swift in Sources */,
				62B888EF2B29F75C00DB85EA /* FileViewModel.swift in Sources */,
				6296673D2AF956FD00E06522 /* GradientButton.swift in Sources */,
				629667182AF9218300E06522 /* PLViewController.swift in Sources */,
				623572382AFE7BF1000F8F34 /* SwitchBar.swift in Sources */,
				62CEDBD92B0E6892002AF1E4 /* CommContentVcProtocol.swift in Sources */,
				629667022AF9218300E06522 /* PLNetworkError.swift in Sources */,
				629667142AF9218300E06522 /* PLFadedModalController.swift in Sources */,
				6235725D2AFFDECF000F8F34 /* LZCollectionView.swift in Sources */,
				CCAD3CE32B1224C000E1D030 /* OWSOperation.swift in Sources */,
				62DB43922AFD2EFB008F9DE3 /* BannerCell.swift in Sources */,
				6296670C2AF9218300E06522 /* TTTAttributedLabel.m in Sources */,
				6206FDE12B0CFD64009D1F80 /* PPAddressBookHandle.swift in Sources */,
				629667192AF9218300E06522 /* PLHeaderView.swift in Sources */,
				6261C06B2B19DD0500BA6632 /* TransferTaskManager.swift in Sources */,
			);
			runOnlyForDeploymentPostprocessing = 0;
		};
/* End PBXSourcesBuildPhase section */

/* Begin PBXVariantGroup section */
		6296669D2AF9188F00E06522 /* LaunchScreen.storyboard */ = {
			isa = PBXVariantGroup;
			children = (
				6296669E2AF9188F00E06522 /* Base */,
				6206FDDB2B0CADC4009D1F80 /* zh-Hans */,
			);
			name = LaunchScreen.storyboard;
			sourceTree = "<group>";
		};
/* End PBXVariantGroup section */

/* Begin XCBuildConfiguration section */
		629666A12AF9188F00E06522 /* Debug */ = {
			isa = XCBuildConfiguration;
			buildSettings = {
				ALWAYS_SEARCH_USER_PATHS = NO;
				ASSETCATALOG_COMPILER_GENERATE_SWIFT_ASSET_SYMBOL_EXTENSIONS = YES;
				CLANG_ANALYZER_LOCALIZABILITY_NONLOCALIZED = YES;
				CLANG_ANALYZER_NONNULL = YES;
				CLANG_ANALYZER_NUMBER_OBJECT_CONVERSION = YES_AGGRESSIVE;
				CLANG_CXX_LANGUAGE_STANDARD = "gnu++20";
				CLANG_ENABLE_MODULES = YES;
				CLANG_ENABLE_OBJC_ARC = YES;
				CLANG_ENABLE_OBJC_WEAK = YES;
				CLANG_WARN_BLOCK_CAPTURE_AUTORELEASING = YES;
				CLANG_WARN_BOOL_CONVERSION = YES;
				CLANG_WARN_COMMA = YES;
				CLANG_WARN_CONSTANT_CONVERSION = YES;
				CLANG_WARN_DEPRECATED_OBJC_IMPLEMENTATIONS = YES;
				CLANG_WARN_DIRECT_OBJC_ISA_USAGE = YES_ERROR;
				CLANG_WARN_DOCUMENTATION_COMMENTS = YES;
				CLANG_WARN_EMPTY_BODY = YES;
				CLANG_WARN_ENUM_CONVERSION = YES;
				CLANG_WARN_INFINITE_RECURSION = YES;
				CLANG_WARN_INT_CONVERSION = YES;
				CLANG_WARN_NON_LITERAL_NULL_CONVERSION = YES;
				CLANG_WARN_OBJC_IMPLICIT_RETAIN_SELF = YES;
				CLANG_WARN_OBJC_LITERAL_CONVERSION = YES;
				CLANG_WARN_OBJC_ROOT_CLASS = YES_ERROR;
				CLANG_WARN_QUOTED_INCLUDE_IN_FRAMEWORK_HEADER = YES;
				CLANG_WARN_RANGE_LOOP_ANALYSIS = YES;
				CLANG_WARN_STRICT_PROTOTYPES = YES;
				CLANG_WARN_SUSPICIOUS_MOVE = YES;
				CLANG_WARN_UNGUARDED_AVAILABILITY = YES_AGGRESSIVE;
				CLANG_WARN_UNREACHABLE_CODE = YES;
				CLANG_WARN__DUPLICATE_METHOD_MATCH = YES;
				COPY_PHASE_STRIP = NO;
				DEBUG_INFORMATION_FORMAT = dwarf;
				ENABLE_STRICT_OBJC_MSGSEND = YES;
				ENABLE_TESTABILITY = YES;
				ENABLE_USER_SCRIPT_SANDBOXING = YES;
				GCC_C_LANGUAGE_STANDARD = gnu17;
				GCC_DYNAMIC_NO_PIC = NO;
				GCC_NO_COMMON_BLOCKS = YES;
				GCC_OPTIMIZATION_LEVEL = 0;
				GCC_PREPROCESSOR_DEFINITIONS = (
					"DEBUG=1",
					"$(inherited)",
				);
				GCC_WARN_64_TO_32_BIT_CONVERSION = YES;
				GCC_WARN_ABOUT_RETURN_TYPE = YES_ERROR;
				GCC_WARN_UNDECLARED_SELECTOR = YES;
				GCC_WARN_UNINITIALIZED_AUTOS = YES_AGGRESSIVE;
				GCC_WARN_UNUSED_FUNCTION = YES;
				GCC_WARN_UNUSED_VARIABLE = YES;
				IPHONEOS_DEPLOYMENT_TARGET = 14.0;
				LOCALIZATION_PREFERS_STRING_CATALOGS = YES;
				MTL_ENABLE_DEBUG_INFO = INCLUDE_SOURCE;
				MTL_FAST_MATH = YES;
				ONLY_ACTIVE_ARCH = YES;
				SDKROOT = iphoneos;
				SWIFT_ACTIVE_COMPILATION_CONDITIONS = "DEBUG $(inherited)";
				SWIFT_OPTIMIZATION_LEVEL = "-Onone";
			};
			name = Debug;
		};
		629666A22AF9188F00E06522 /* Release */ = {
			isa = XCBuildConfiguration;
			buildSettings = {
				ALWAYS_SEARCH_USER_PATHS = NO;
				ASSETCATALOG_COMPILER_GENERATE_SWIFT_ASSET_SYMBOL_EXTENSIONS = YES;
				CLANG_ANALYZER_LOCALIZABILITY_NONLOCALIZED = YES;
				CLANG_ANALYZER_NONNULL = YES;
				CLANG_ANALYZER_NUMBER_OBJECT_CONVERSION = YES_AGGRESSIVE;
				CLANG_CXX_LANGUAGE_STANDARD = "gnu++20";
				CLANG_ENABLE_MODULES = YES;
				CLANG_ENABLE_OBJC_ARC = YES;
				CLANG_ENABLE_OBJC_WEAK = YES;
				CLANG_WARN_BLOCK_CAPTURE_AUTORELEASING = YES;
				CLANG_WARN_BOOL_CONVERSION = YES;
				CLANG_WARN_COMMA = YES;
				CLANG_WARN_CONSTANT_CONVERSION = YES;
				CLANG_WARN_DEPRECATED_OBJC_IMPLEMENTATIONS = YES;
				CLANG_WARN_DIRECT_OBJC_ISA_USAGE = YES_ERROR;
				CLANG_WARN_DOCUMENTATION_COMMENTS = YES;
				CLANG_WARN_EMPTY_BODY = YES;
				CLANG_WARN_ENUM_CONVERSION = YES;
				CLANG_WARN_INFINITE_RECURSION = YES;
				CLANG_WARN_INT_CONVERSION = YES;
				CLANG_WARN_NON_LITERAL_NULL_CONVERSION = YES;
				CLANG_WARN_OBJC_IMPLICIT_RETAIN_SELF = YES;
				CLANG_WARN_OBJC_LITERAL_CONVERSION = YES;
				CLANG_WARN_OBJC_ROOT_CLASS = YES_ERROR;
				CLANG_WARN_QUOTED_INCLUDE_IN_FRAMEWORK_HEADER = YES;
				CLANG_WARN_RANGE_LOOP_ANALYSIS = YES;
				CLANG_WARN_STRICT_PROTOTYPES = YES;
				CLANG_WARN_SUSPICIOUS_MOVE = YES;
				CLANG_WARN_UNGUARDED_AVAILABILITY = YES_AGGRESSIVE;
				CLANG_WARN_UNREACHABLE_CODE = YES;
				CLANG_WARN__DUPLICATE_METHOD_MATCH = YES;
				COPY_PHASE_STRIP = NO;
				DEBUG_INFORMATION_FORMAT = "dwarf-with-dsym";
				ENABLE_NS_ASSERTIONS = NO;
				ENABLE_STRICT_OBJC_MSGSEND = YES;
				ENABLE_USER_SCRIPT_SANDBOXING = YES;
				GCC_C_LANGUAGE_STANDARD = gnu17;
				GCC_NO_COMMON_BLOCKS = YES;
				GCC_WARN_64_TO_32_BIT_CONVERSION = YES;
				GCC_WARN_ABOUT_RETURN_TYPE = YES_ERROR;
				GCC_WARN_UNDECLARED_SELECTOR = YES;
				GCC_WARN_UNINITIALIZED_AUTOS = YES_AGGRESSIVE;
				GCC_WARN_UNUSED_FUNCTION = YES;
				GCC_WARN_UNUSED_VARIABLE = YES;
				IPHONEOS_DEPLOYMENT_TARGET = 14.0;
				LOCALIZATION_PREFERS_STRING_CATALOGS = YES;
				MTL_ENABLE_DEBUG_INFO = NO;
				MTL_FAST_MATH = YES;
				SDKROOT = iphoneos;
				SWIFT_COMPILATION_MODE = wholemodule;
				VALIDATE_PRODUCT = YES;
			};
			name = Release;
		};
		629666A42AF9188F00E06522 /* Debug */ = {
			isa = XCBuildConfiguration;
			baseConfigurationReference = E24A2A29606E6A710C54C664 /* Pods-WeShare.debug.xcconfig */;
			buildSettings = {
				ASSETCATALOG_COMPILER_APPICON_NAME = AppIcon;
				ASSETCATALOG_COMPILER_GLOBAL_ACCENT_COLOR_NAME = AccentColor;
				CODE_SIGN_IDENTITY = "Apple Development";
				CODE_SIGN_STYLE = Automatic;
				CURRENT_PROJECT_VERSION = 1;
				DEVELOPMENT_TEAM = JG4DPWG69J;
				ENABLE_USER_SCRIPT_SANDBOXING = NO;
				GENERATE_INFOPLIST_FILE = YES;
				INFOPLIST_FILE = WeShare/Info.plist;
				INFOPLIST_KEY_NSCalendarsUsageDescription = "允许读取日历";
				INFOPLIST_KEY_NSCameraUsageDescription = "允许使用相机";
				INFOPLIST_KEY_NSContactsUsageDescription = "允许访问联系人";
				INFOPLIST_KEY_NSDocumentsFolderUsageDescription = "允许访问手机文件";
				INFOPLIST_KEY_NSLocalNetworkUsageDescription = "允许使用网络授权";
				INFOPLIST_KEY_NSPhotoLibraryUsageDescription = "允许相册访问权限";
				INFOPLIST_KEY_NSRemindersUsageDescription = "允许访问提醒事件";
				INFOPLIST_KEY_UIApplicationSupportsIndirectInputEvents = YES;
				INFOPLIST_KEY_UILaunchStoryboardName = LaunchScreen;
				INFOPLIST_KEY_UISupportedInterfaceOrientations_iPad = "UIInterfaceOrientationPortrait UIInterfaceOrientationPortraitUpsideDown UIInterfaceOrientationLandscapeLeft UIInterfaceOrientationLandscapeRight";
				INFOPLIST_KEY_UISupportedInterfaceOrientations_iPhone = "UIInterfaceOrientationPortrait UIInterfaceOrientationLandscapeLeft UIInterfaceOrientationLandscapeRight";
				IPHONEOS_DEPLOYMENT_TARGET = 14.0;
				LD_RUNPATH_SEARCH_PATHS = (
					"$(inherited)",
					"@executable_path/Frameworks",
				);
				MARKETING_VERSION = 1.0;
				PRODUCT_BUNDLE_IDENTIFIER = Bytance.WeSharexsaxs.zgdl;
				PRODUCT_NAME = "$(TARGET_NAME)";
				PROVISIONING_PROFILE_SPECIFIER = "";
				SWIFT_EMIT_LOC_STRINGS = YES;
				SWIFT_OBJC_BRIDGING_HEADER = "WeShare/WeShare-Bridging-Header.h";
				SWIFT_VERSION = 5.0;
				TARGETED_DEVICE_FAMILY = "1,2";
			};
			name = Debug;
		};
		629666A52AF9188F00E06522 /* Release */ = {
			isa = XCBuildConfiguration;
			baseConfigurationReference = 42C0C66C69EF691728422096 /* Pods-WeShare.release.xcconfig */;
			buildSettings = {
				ASSETCATALOG_COMPILER_APPICON_NAME = AppIcon;
				ASSETCATALOG_COMPILER_GLOBAL_ACCENT_COLOR_NAME = AccentColor;
				CODE_SIGN_IDENTITY = "Apple Development";
				CODE_SIGN_STYLE = Automatic;
				CURRENT_PROJECT_VERSION = 1;
				DEVELOPMENT_TEAM = JG4DPWG69J;
				ENABLE_USER_SCRIPT_SANDBOXING = NO;
				GENERATE_INFOPLIST_FILE = YES;
				INFOPLIST_FILE = WeShare/Info.plist;
				INFOPLIST_KEY_NSCalendarsUsageDescription = "允许读取日历";
				INFOPLIST_KEY_NSCameraUsageDescription = "允许使用相机";
				INFOPLIST_KEY_NSContactsUsageDescription = "允许访问联系人";
				INFOPLIST_KEY_NSDocumentsFolderUsageDescription = "允许访问手机文件";
				INFOPLIST_KEY_NSLocalNetworkUsageDescription = "允许使用网络授权";
				INFOPLIST_KEY_NSPhotoLibraryUsageDescription = "允许相册访问权限";
				INFOPLIST_KEY_NSRemindersUsageDescription = "允许访问提醒事件";
				INFOPLIST_KEY_UIApplicationSupportsIndirectInputEvents = YES;
				INFOPLIST_KEY_UILaunchStoryboardName = LaunchScreen;
				INFOPLIST_KEY_UISupportedInterfaceOrientations_iPad = "UIInterfaceOrientationPortrait UIInterfaceOrientationPortraitUpsideDown UIInterfaceOrientationLandscapeLeft UIInterfaceOrientationLandscapeRight";
				INFOPLIST_KEY_UISupportedInterfaceOrientations_iPhone = "UIInterfaceOrientationPortrait UIInterfaceOrientationLandscapeLeft UIInterfaceOrientationLandscapeRight";
				IPHONEOS_DEPLOYMENT_TARGET = 14.0;
				LD_RUNPATH_SEARCH_PATHS = (
					"$(inherited)",
					"@executable_path/Frameworks",
				);
				MARKETING_VERSION = 1.0;
				PRODUCT_BUNDLE_IDENTIFIER = Bytance.WeSharexsaxs;
				PRODUCT_NAME = "$(TARGET_NAME)";
				PROVISIONING_PROFILE_SPECIFIER = "";
				SWIFT_EMIT_LOC_STRINGS = YES;
				SWIFT_OBJC_BRIDGING_HEADER = "WeShare/WeShare-Bridging-Header.h";
				SWIFT_VERSION = 5.0;
				TARGETED_DEVICE_FAMILY = "1,2";
			};
			name = Release;
		};
/* End XCBuildConfiguration section */

/* Begin XCConfigurationList section */
		6296668A2AF9188D00E06522 /* Build configuration list for PBXProject "WeShare" */ = {
			isa = XCConfigurationList;
			buildConfigurations = (
				629666A12AF9188F00E06522 /* Debug */,
				629666A22AF9188F00E06522 /* Release */,
			);
			defaultConfigurationIsVisible = 0;
			defaultConfigurationName = Release;
		};
		629666A32AF9188F00E06522 /* Build configuration list for PBXNativeTarget "WeShare" */ = {
			isa = XCConfigurationList;
			buildConfigurations = (
				629666A42AF9188F00E06522 /* Debug */,
				629666A52AF9188F00E06522 /* Release */,
			);
			defaultConfigurationIsVisible = 0;
			defaultConfigurationName = Release;
		};
/* End XCConfigurationList section */
	};
	rootObject = 629666872AF9188D00E06522 /* Project object */;
}
